PODS:
  - wvslib (0.1.0)

DEPENDENCIES:
  - wvslib (from `https://github.com/giantblue76/wvslib.git`, branch `master`)

EXTERNAL SOURCES:
  wvslib:
    :branch: master
    :git: https://github.com/giantblue76/wvslib.git

CHECKOUT OPTIONS:
  wvslib:
    :commit: c8a6851862030fadac79cbe85a575647e7c78127
    :git: https://github.com/giantblue76/wvslib.git

SPEC CHECKSUMS:
  wvslib: 272f43bd9b35b97a0bf3baa9e7d7d8748670d278

PODFILE CHECKSUM: 25d3bf685c750fffe857e9f6d20da73a519b4d2e

COCOAPODS: 1.5.3
